# This file is autogenerated, do not edit; changes may be undone by the next 'dep ensure'.


[[projects]]
  branch = "master"
  name = "github.com/0xAX/notificator"
  packages = ["."]
  revision = "6bcea42e61381c13704c7fb6eb2438950f335832"

[[projects]]
  branch = "master"
  name = "github.com/ChrisTrenkamp/goxpath"
  packages = [".","internal/execxp","internal/lexer","internal/parser","internal/parser/findutil","internal/parser/intfns","internal/parser/pathexpr","internal/xconst","internal/xsort","tree","tree/xmltree","tree/xmltree/xmlbuilder","tree/xmltree/xmlele","tree/xmltree/xmlnode"]
  revision = "4fe03583929022c9c96829401ffabc755e69782e"

[[projects]]
  branch = "master"
  name = "github.com/kardianos/osext"
  packages = ["."]
  revision = "ae77be60afb1dcacde03767a8c37337fad28ac14"

[[projects]]
  branch = "master"
  name = "github.com/tevino/abool"
  packages = ["."]
  revision = "3c25f2fe7cd0ef3eabefce1d90efd69a65d35b12"

[[projects]]
  branch = "master"
  name = "golang.org/x/net"
  packages = ["html","html/atom","html/charset"]
  revision = "66aacef3dd8a676686c7ae3716979581e8b03c47"

[[projects]]
  branch = "master"
  name = "golang.org/x/text"
  packages = ["encoding","encoding/charmap","encoding/htmlindex","encoding/internal","encoding/internal/identifier","encoding/japanese","encoding/korean","encoding/simplifiedchinese","encoding/traditionalchinese","encoding/unicode","internal/gen","internal/tag","internal/utf8internal","language","runes","transform","unicode/cldr"]
  revision = "bd91bbf73e9a4a801adbfb97133c992678533126"

[solve-meta]
  analyzer-name = "dep"
  analyzer-version = 1
  inputs-digest = "f065432c7c028eefc1f75c3c0cc9a275fa5d0b987ae1905f87180f60f693ed27"
  solver-name = "gps-cdcl"
  solver-version = 1
